Microsoft Visual Studio Solution File, Format Version 12.00
# Visual Studio Version 17
VisualStudioVersion = 17.14.36623.8 d17.14
MinimumVisualStudioVersion = 10.0.40219.1
Project("{FAE04EC0-301F-11D3-BF4B-00C04F79EFBC}") = "LiveStreamGateway", "LiveStreamGateway.csproj", "{FC056F09-CBCC-7878-7319-3F0F05615F89}"
EndProject
Project("{FAE04EC0-301F-11D3-BF4B-00C04F79EFBC}") = "LiveStreamGateway.Tests", "tests\LiveStreamGateway.Tests\LiveStreamGateway.Tests.csproj", "{7FB90961-A615-49EE-9DFE-2122B22EAF22}"
EndProject
Global
	GlobalSection(SolutionConfigurationPlatforms) = preSolution
		Debug|Any CPU = Debug|Any CPU
		Release|Any CPU = Release|Any CPU
	EndGlobalSection
	GlobalSection(ProjectConfigurationPlatforms) = postSolution
		{FC056F09-CBCC-7878-7319-3F0F05615F89}.Debug|Any CPU.ActiveCfg = Debug|Any CPU
		{FC056F09-CBCC-7878-7319-3F0F05615F89}.Debug|Any CPU.Build.0 = Debug|Any CPU
		{FC056F09-CBCC-7878-7319-3F0F05615F89}.Release|Any CPU.ActiveCfg = Release|Any CPU
		{FC056F09-CBCC-7878-7319-3F0F05615F89}.Release|Any CPU.Build.0 = Release|Any CPU
		{7FB90961-A615-49EE-9DFE-2122B22EAF22}.Debug|Any CPU.ActiveCfg = Debug|Any CPU
		{7FB90961-A615-49EE-9DFE-2122B22EAF22}.Debug|Any CPU.Build.0 = Debug|Any CPU
		{7FB90961-A615-49EE-9DFE-2122B22EAF22}.Release|Any CPU.ActiveCfg = Release|Any CPU
		{7FB90961-A615-49EE-9DFE-2122B22EAF22}.Release|Any CPU.Build.0 = Release|Any CPU
	EndGlobalSection
	GlobalSection(SolutionProperties) = preSolution
		HideSolutionNode = FALSE
	EndGlobalSection
	GlobalSection(ExtensibilityGlobals) = postSolution
		SolutionGuid = {928B8953-859C-4357-A21A-183D0348F8DD}
	EndGlobalSection
EndGlobal
